
Microsoft Visual Studio Solution File, Format Version 12.00
# Visual Studio Version 16
VisualStudioVersion = 16.0.29326.143
MinimumVisualStudioVersion = 10.0.40219.1
Project("{FAE04EC0-301F-11D3-BF4B-00C04F79EFBC}") = "Lab4Lib", "Lab4Lib\Lab4Lib.csproj", "{0C9EB239-D22E-4B2D-AD16-81BDA1D630D3}"
EndProject
Project("{FAE04EC0-301F-11D3-BF4B-00C04F79EFBC}") = "WpfApp1", "WpfApp1\WpfApp1.csproj", "{2480D3DB-A64D-4263-895B-6DF7EBCB847F}"
EndProject
Global
	GlobalSection(SolutionConfigurationPlatforms) = preSolution
		Debug|Any CPU = Debug|Any CPU
		Release|Any CPU = Release|Any CPU
	EndGlobalSection
	GlobalSection(ProjectConfigurationPlatforms) = postSolution
		{0C9EB239-D22E-4B2D-AD16-81BDA1D630D3}.Debug|Any CPU.ActiveCfg = Debug|Any CPU
		{0C9EB239-D22E-4B2D-AD16-81BDA1D630D3}.Debug|Any CPU.Build.0 = Debug|Any CPU
		{0C9EB239-D22E-4B2D-AD16-81BDA1D630D3}.Release|Any CPU.ActiveCfg = Release|Any CPU
		{0C9EB239-D22E-4B2D-AD16-81BDA1D630D3}.Release|Any CPU.Build.0 = Release|Any CPU
		{2480D3DB-A64D-4263-895B-6DF7EBCB847F}.Debug|Any CPU.ActiveCfg = Debug|Any CPU
		{2480D3DB-A64D-4263-895B-6DF7EBCB847F}.Debug|Any CPU.Build.0 = Debug|Any CPU
		{2480D3DB-A64D-4263-895B-6DF7EBCB847F}.Release|Any CPU.ActiveCfg = Release|Any CPU
		{2480D3DB-A64D-4263-895B-6DF7EBCB847F}.Release|Any CPU.Build.0 = Release|Any CPU
	EndGlobalSection
	GlobalSection(SolutionProperties) = preSolution
		HideSolutionNode = FALSE
	EndGlobalSection
	GlobalSection(ExtensibilityGlobals) = postSolution
		SolutionGuid = {F88BA7D0-F93B-4A18-99A7-7B6BF6CBACC4}
	EndGlobalSection
EndGlobal
